#
# This file is autogenerated by pip-compile with Python 3.12
# by the following command:
#
#    pip-compile --allow-unsafe --generate-hashes --output-file=ci-tools.lock --strip-extras ci-tools.in
#
auditwheel==6.6.0 ; platform_system == "Linux" \
    --hash=sha256:277f3b315ad0b04df0a2be2d126c3fd39930bc265df0f9589d78c970ff06f52b \
    --hash=sha256:3e8479856ca582625b5457204cbb62d1614d3bc7e760ee307c04c34c912ebcad
    # via -r ci-tools.in
delvewheel==1.12.1 \
    --hash=sha256:19ce88ba99e47c4fe452d5cc394d371499446b922ea2ae0d13682f636d980915 \
    --hash=sha256:e2531715791e55417329749d47cef5ca0924d6a5565d5bbcd2dd0d5d6b1025f2
    # via -r ci-tools.in
packaging==26.2 \
    --hash=sha256:5fc45236b9446107ff2415ce77c807cee2862cb6fac22b8a73826d0693b0980e \
    --hash=sha256:ff452ff5a3e828ce110190feff1178bb1f2ea2281fa2075aadb987c2fb221661
    # via auditwheel
patchelf==0.17.2.4 ; platform_system == "Linux" \
    --hash=sha256:09fd848d625a165fc7b7e07745508c24077129b019c4415a882938781d43adf8 \
    --hash=sha256:2931a1b5b85f3549661898af7bf746afbda7903c7c9a967cfc998a3563f84fad \
    --hash=sha256:343bb1b94e959f9070ca9607453b04390e36bbaa33c88640b989cefad0aa049e \
    --hash=sha256:680a266a70f60a7a4f4c448482c5bdba80cc8e6bb155a49dcc24238ba49927b0 \
    --hash=sha256:7076d9e127230982e20a81a6e2358d3343004667ba510d9f822d4fdee29b0d71 \
    --hash=sha256:970ee5cd8af33e5ea2099510b2f9013fa1b8d5cd763bf3fd3961281c18101a09 \
    --hash=sha256:ae44cb3c857d50f54b99e5697aa978726ada33a8a6129d4b8b7ffd28b996652d \
    --hash=sha256:d842b51f0401460f3b1f3a3a67d2c266a8f515a5adfbfa6e7b656cb3ac2ed8bc \
    --hash=sha256:d9b35ebfada70c02679ad036407d9724ffe1255122ba4ac5e4be5868618a5689
    # via -r ci-tools.in
pefile==2024.8.26 \
    --hash=sha256:3ff6c5d8b43e8c37bb6e6dd5085658d658a7a0bdcd20b6a07b1fcfc1c4e9d632 \
    --hash=sha256:76f8b485dcd3b1bb8166f1128d395fa3d87af26360c2358fb75b80019b957c6f
    # via delvewheel
pkginfo==1.12.1.2 \
    --hash=sha256:5cd957824ac36f140260964eba3c6be6442a8359b8c48f4adf90210f33a04b7b \
    --hash=sha256:c783ac885519cab2c34927ccfa6bf64b5a704d7c69afaea583dd9b7afe969343
    # via -r ci-tools.in
pyelftools==0.32 \
    --hash=sha256:013df952a006db5e138b1edf6d8a68ecc50630adbd0d83a2d41e7f846163d738 \
    --hash=sha256:6de90ee7b8263e740c8715a925382d4099b354f29ac48ea40d840cf7aa14ace5
    # via auditwheel
