#
# This file is autogenerated by pip-compile with Python 3.12
# by the following command:
#
#    pip-compile --allow-unsafe --generate-hashes --output-file=requirements.lock --strip-extras requirements.txt
#
cmake==4.3.2 \
    --hash=sha256:2b81038453a40aed73f8d28185c4c3ef43c3a91a7ff1577ce08e498769ecfe16 \
    --hash=sha256:339655b93289c1b03c6a72523d46d3b0d19dc51406d3a90f8eefcbec525cb271 \
    --hash=sha256:3947bc5973ca3846c76486993abd0fba0cb9119300d58ed9173a672d1eef505b \
    --hash=sha256:3c55f0c61c70642d9e7f6b4fc638622027f045b388e357d74efcca4a7111e4aa \
    --hash=sha256:5f47f5f00910c474662d09a0516413c6e9750bde73cdc52dea3988102a274e06 \
    --hash=sha256:67775407b963385a7942dd56f0567ef3c75453c6336654aeafe43165d78648bb \
    --hash=sha256:7105a5411bbc405242677d29222812028566aafac3f78fda08c1717f03e5ca2a \
    --hash=sha256:78049aac277aabe376d8e82993f0be234d086d0e8ad4708755d5a209a04e1138 \
    --hash=sha256:8add046a4ef7c606d8e0a444050415054c7da3b8535b2c8ce1f03e265dda098d \
    --hash=sha256:95e0ff31a692d12130f33d1467d0074f8314cf3a79940694896de9367b6e4fae \
    --hash=sha256:a69e629e6cd973e1f9b11d247d116acb47b35cdd8e39aee4b04b9040851cd8a0 \
    --hash=sha256:aae70bb95762f6da20131cf72da6322557ff6784968755d201d42a44cd9494e5 \
    --hash=sha256:b1c5c292b1189e48d01f0bed01ed800c31eed967afd033c4beabff9cc97209f2 \
    --hash=sha256:b218d636a99fa0eb23713d37d3e3c3a9c0e707e0579b46780ff908acef229386 \
    --hash=sha256:bc316be89fa43c265697c3b9ffcebde977bcc4515974372cc460c974f458ff98 \
    --hash=sha256:ca739ab0d8960261fdb1bb6e1e6c16b9cd033ae0a98341483cc233ba7c81b22b \
    --hash=sha256:d10648929eb3294449ceae7a7c0b9714ca445280ddc25c209f427e7a07c6f3a9 \
    --hash=sha256:ea95db137fd27f420d5e149c41e1f7621e786869afa3ca0fe18301df9e066607 \
    --hash=sha256:f8f570813753ed4564928cf45c4c13c31e46b3e66b1a07fe695cb9f7b7af185e
    # via -r requirements.txt
dataclasses==0.6 \
    --hash=sha256:454a69d788c7fda44efd71e259be79577822f5e3f53f029a22d08004e951dc9f \
    --hash=sha256:6988bd2b895eef432d562370bb707d540f32f7360ab13da45340101bc2307d84
    # via -r requirements.txt
importlib-metadata==9.0.0 \
    --hash=sha256:2d21d1cc5a017bd0559e36150c21c830ab1dc304dedd1b7ea85d20f45ef3edd7 \
    --hash=sha256:a4f57ab599e6a2e3016d7595cfd72eb4661a5106e787a95bcc90c7105b831efc
    # via -r requirements.txt
markdown-it-py==4.2.0 \
    --hash=sha256:04a21681d6fbb623de53f6f364d352309d4094dd4194040a10fd51833e418d49 \
    --hash=sha256:9f7ebbcd14fe59494226453aed97c1070d83f8d24b6fc3a3bcf9a38092641c4a
    # via rich
mdurl==0.1.2 \
    --hash=sha256:84008a41e51615a49fc9966191ff91509e3c40b939176e643fd50a5c2196b8f8 \
    --hash=sha256:bb413d29f5eea38f31dd4754dd7377d4465116fb207585f97bf925588687c1ba
    # via markdown-it-py
nanobind==2.12.0 \
    --hash=sha256:0ae77c1a88f27153fa57045ee00f7b0a7b06b1cd3df942e95a34b38c5d0a5bee \
    --hash=sha256:a10d3d88e691dcdf22696f9acd893fda3c5a05635763aea238829d274fcad480
    # via -r requirements.txt
numpy==2.4.4 \
    --hash=sha256:07077278157d02f65c43b1b26a3886bce886f95d20aabd11f87932750dfb14ed \
    --hash=sha256:08f2e31ed5e6f04b118e49821397f12767934cfdd12a1ce86a058f91e004ee50 \
    --hash=sha256:0aec54fd785890ecca25a6003fd9a5aed47ad607bbac5cd64f836ad8666f4959 \
    --hash=sha256:0d35aea54ad1d420c812bfa0385c71cd7cc5bcf7c65fed95fc2cd02fe8c79827 \
    --hash=sha256:0d4e437e295f18ec29bc79daf55e8a47a9113df44d66f702f02a293d93a2d6dd \
    --hash=sha256:0dfd3f9d3adbe2920b68b5cd3d51444e13a10792ec7154cd0a2f6e74d4ab3233 \
    --hash=sha256:1378871da56ca8943c2ba674530924bb8ca40cd228358a3b5f302ad60cf875fc \
    --hash=sha256:15716cfef24d3a9762e3acdf87e27f58dc823d1348f765bbea6bef8c639bfa1b \
    --hash=sha256:19710a9ca9992d7174e9c52f643d4272dcd1558c5f7af7f6f8190f633bd651a7 \
    --hash=sha256:23cbfd4c17357c81021f21540da84ee282b9c8fba38a03b7b9d09ba6b951421e \
    --hash=sha256:2483e4584a1cb3092da4470b38866634bafb223cbcd551ee047633fd2584599a \
    --hash=sha256:27a8d92cd10f1382a67d7cf4db7ce18341b66438bdd9f691d7b0e48d104c2a9d \
    --hash=sha256:28a650663f7314afc3e6ec620f44f333c386aad9f6fc472030865dc0ebb26ee3 \
    --hash=sha256:2aa0613a5177c264ff5921051a5719d20095ea586ca88cc802c5c218d1c67d3e \
    --hash=sha256:2c194dd721e54ecad9ad387c1d35e63dce5c4450c6dc7dd5611283dda239aabb \
    --hash=sha256:2d19e6e2095506d1736b7d80595e0f252d76b89f5e715c35e06e937679ea7d7a \
    --hash=sha256:2d390634c5182175533585cc89f3608a4682ccb173cc9bb940b2881c8d6f8fa0 \
    --hash=sha256:30caa73029a225b2d40d9fae193e008e24b2026b7ee1a867b7ee8d96ca1a448e \
    --hash=sha256:42c16925aa5a02362f986765f9ebabf20de75cdefdca827d14315c568dcab113 \
    --hash=sha256:45dbed2ab436a9e826e302fcdcbe9133f9b0006e5af7168afb8963a6520da103 \
    --hash=sha256:4636de7fd195197b7535f231b5de9e4b36d2c440b6e566d2e4e4746e6af0ca93 \
    --hash=sha256:4a19d9dba1a76618dd86b164d608566f393f8ec6ac7c44f0cc879011c45e65af \
    --hash=sha256:4bbc7f303d125971f60ec0aaad5e12c62d0d2c925f0ab1273debd0e4ba37aba5 \
    --hash=sha256:4d6d57903571f86180eb98f8f0c839fa9ebbfb031356d87f1361be91e433f5b7 \
    --hash=sha256:4e874c976154687c1f71715b034739b45c7711bec81db01914770373d125e392 \
    --hash=sha256:51fc224f7ca4d92656d5a5eb315f12eb5fe2c97a66249aa7b5f562528a3be38c \
    --hash=sha256:58c8b5929fcb8287cbd6f0a3fae19c6e03a5c48402ae792962ac465224a629a4 \
    --hash=sha256:5a285b3b96f951841799528cd1f4f01cd70e7e0204b4abebac9463eecfcf2a40 \
    --hash=sha256:5c70f1cc1c4efbe316a572e2d8b9b9cc44e89b95f79ca3331553fbb63716e2bf \
    --hash=sha256:62d6b0f03b694173f9fcb1fb317f7222fd0b0b103e784c6549f5e53a27718c44 \
    --hash=sha256:6a246d5914aa1c820c9443ddcee9c02bec3e203b0c080349533fae17727dfd1b \
    --hash=sha256:6aa3236c78803afbcb255045fbef97a9e25a1f6c9888357d205ddc42f4d6eba5 \
    --hash=sha256:6bbe4eb67390b0a0265a2c25458f6b90a409d5d069f1041e6aff1e27e3d9a79e \
    --hash=sha256:715d1c092715954784bc79e1174fc2a90093dc4dc84ea15eb14dad8abdcdeb74 \
    --hash=sha256:72944b19f2324114e9dc86a159787333b77874143efcf89a5167ef83cfee8af0 \
    --hash=sha256:81f4a14bee47aec54f883e0cad2d73986640c1590eb9bfaaba7ad17394481e6e \
    --hash=sha256:846300f379b5b12cc769334464656bc882e0735d27d9726568bc932fdc49d5ec \
    --hash=sha256:86b6f55f5a352b48d7fbfd2dbc3d5b780b2d79f4d3c121f33eb6efb22e9a2015 \
    --hash=sha256:874f200b2a981c647340f841730fc3a2b54c9d940566a3c4149099591e2c4c3d \
    --hash=sha256:8a87ec22c87be071b6bdbd27920b129b94f2fc964358ce38f3822635a3e2e03d \
    --hash=sha256:8b3b60bb7cba2c8c81837661c488637eee696f59a877788a396d33150c35d842 \
    --hash=sha256:8e3ed142f2728df44263aaf5fb1f5b0b99f4070c553a0d7f033be65338329150 \
    --hash=sha256:93e15038125dc1e5345d9b5b68aa7f996ec33b98118d18c6ca0d0b7d6198b7e8 \
    --hash=sha256:989824e9faf85f96ec9c7761cd8d29c531ad857bfa1daa930cba85baaecf1a9a \
    --hash=sha256:99d838547ace2c4aace6c4f76e879ddfe02bb58a80c1549928477862b7a6d6ed \
    --hash=sha256:9b2aec6af35c113b05695ebb5749a787acd63cafc83086a05771d1e1cd1e555f \
    --hash=sha256:9c585a1790d5436a5374bac930dad6ed244c046ed91b2b2a3634eb2971d21008 \
    --hash=sha256:a7164afb23be6e37ad90b2f10426149fd75aee07ca55653d2aa41e66c4ef697e \
    --hash=sha256:ac6b31e35612a26483e20750126d30d0941f949426974cace8e6b5c58a3657b0 \
    --hash=sha256:ad2e2ef14e0b04e544ea2fa0a36463f847f113d314aa02e5b402fdf910ef309e \
    --hash=sha256:b268594bccac7d7cf5844c7732e3f20c50921d94e36d7ec9b79e9857694b1b2f \
    --hash=sha256:b5f0362dc928a6ecd9db58868fca5e48485205e3855957bdedea308f8672ea4a \
    --hash=sha256:ba1f4fc670ed79f876f70082eff4f9583c15fb9a4b89d6188412de4d18ae2f40 \
    --hash=sha256:ba203255017337d39f89bdd58417f03c4426f12beed0440cfd933cb15f8669c7 \
    --hash=sha256:c901b15172510173f5cb310eae652908340f8dede90fff9e3bf6c0d8dfd92f83 \
    --hash=sha256:c9b39d38a9bd2ae1becd7eac1303d031c5c110ad31f2b319c6e7d98b135c934d \
    --hash=sha256:d2a8490669bfe99a233298348acc2d824d496dee0e66e31b66a6022c2ad74a5c \
    --hash=sha256:dddbbd259598d7240b18c9d87c56a9d2fb3b02fe266f49a7c101532e78c1d871 \
    --hash=sha256:df3775294accfdd75f32c74ae39fcba920c9a378a2fc18a12b6820aa8c1fb502 \
    --hash=sha256:e44319a2953c738205bf3354537979eaa3998ed673395b964c1176083dd46252 \
    --hash=sha256:e4a010c27ff6f210ff4c6ef34394cd61470d01014439b192ec22552ee867f2a8 \
    --hash=sha256:e823b8b6edc81e747526f70f71a9c0a07ac4e7ad13020aa736bb7c9d67196115 \
    --hash=sha256:e892aff75639bbef0d2a2cfd55535510df26ff92f63c92cd84ef8d4ba5a5557f \
    --hash=sha256:eea7ac5d2dce4189771cedb559c738a71512768210dc4e4753b107a2048b3d0e \
    --hash=sha256:ef4059d6e5152fa1a39f888e344c73fdc926e1b2dd58c771d67b0acfbf2aa67d \
    --hash=sha256:f169b9a863d34f5d11b8698ead99febeaa17a13ca044961aa8e2662a6c7766a0 \
    --hash=sha256:f2cf083b324a467e1ab358c105f6cad5ea950f50524668a80c486ff1db24e119 \
    --hash=sha256:f8474c4241bc18b750be2abea9d7a9ec84f46ef861dbacf86a4f6e043401f79e \
    --hash=sha256:f983334aea213c99992053ede6168500e5f086ce74fbc4acc3f2b00f5762e9db \
    --hash=sha256:f9e75681b59ddaa5e659898085ae0eaea229d054f2ac0c7e563a62205a700121 \
    --hash=sha256:fbc356aae7adf9e6336d336b9c8111d390a05df88f1805573ebb0807bd06fd1d \
    --hash=sha256:fcfe2045fd2e8f3cb0ce9d4ba6dba6333b8fa05bb8a4939c908cd43322d14c7e
    # via -r requirements.txt
packaging==26.2 \
    --hash=sha256:5fc45236b9446107ff2415ce77c807cee2862cb6fac22b8a73826d0693b0980e \
    --hash=sha256:ff452ff5a3e828ce110190feff1178bb1f2ea2281fa2075aadb987c2fb221661
    # via wheel
pybind11==3.0.4 \
    --hash=sha256:3286b59c8a774b9ee650169302dd5a4eedc30a8617905a0560dd8ee44775130c \
    --hash=sha256:961720ee652da51d531b7b2451a6bd2bc042b0106e6d9baa48ecb7d58034ce63
    # via -r requirements.txt
pybind11-global==3.0.4 \
    --hash=sha256:95b693c3d646c6b7217a97156a36b6d40305505d4a5a728082da6fe75ada29f5 \
    --hash=sha256:a73e2ebd29f4ee5d7c754b495d555cd703f2cd26c84abe360ee56411dcd7834d
    # via pybind11
pygments==2.20.0 \
    --hash=sha256:6757cd03768053ff99f3039c1a36d6c0aa0b263438fcab17520b30a303a82b5f \
    --hash=sha256:81a9e26dd42fd28a23a2d169d86d7ac03b46e2f8b59ed4698fb4785f946d0176
    # via rich
rich==15.0.0 \
    --hash=sha256:33bd4ef74232fb73fe9279a257718407f169c09b78a87ad3d296f548e27de0bb \
    --hash=sha256:edd07a4824c6b40189fb7ac9bc4c52536e9780fbbfbddf6f1e2502c31b068c36
    # via -r requirements.txt
wheel==0.47.0 \
    --hash=sha256:212281cab4dff978f6cedd499cd893e1f620791ca6ff7107cf270781e587eced \
    --hash=sha256:cc72bd1009ba0cf63922e28f94d9d83b920aa2bb28f798a31d0691b02fa3c9b3
    # via -r requirements.txt
zipp==3.23.1 \
    --hash=sha256:0b3596c50a5c700c9cb40ba8d86d9f2cc4807e9bedb06bcdf7fac85633e444dc \
    --hash=sha256:32120e378d32cd9714ad503c1d024619063ec28aad2248dc6672ad13edfa5110
    # via importlib-metadata

# The following packages are considered to be unsafe in a requirements file:
pip==26.1.1 \
    --hash=sha256:99cb1c2899893b075ff56e4ed0af55669a955b49ad7fb8d8603ecdaf4ed653fb \
    --hash=sha256:d36762751d156a4ee895de8af39aa0abeeeb577f93a2eca6ab62467bbf0f8a78
    # via -r requirements.txt
setuptools==82.0.1 \
    --hash=sha256:7d872682c5d01cfde07da7bccc7b65469d3dca203318515ada1de5eda35efbf9 \
    --hash=sha256:a59e362652f08dcd477c78bb6e7bd9d80a7995bc73ce773050228a348ce2e5bb
    # via -r requirements.txt
