# This file was autogenerated by uv via the following command:
#    uv pip compile --universal --generate-hashes --python-version=3.11 requirements.in -o requirements.lock
cmake==4.4.2 \
    --hash=sha256:00195668e40e5dd0d51244e31d15fabb79b97c5e154f9f78b4240f152198c2eb \
    --hash=sha256:00a0a207efc83019b55f617b93b2592c2616aebd9c4eeab83ec076dc2a9b84a4 \
    --hash=sha256:0220135cceb78530e79e2b5cd0392672e4c524178db768a5f940ea24520e1359 \
    --hash=sha256:109af09f308fd53ddc44bbc23536b6ecb72db53f0218f611efccd9871b19f39f \
    --hash=sha256:1358f355578d19397f87955d4204f737bb399ba36cce59be5853976912836b32 \
    --hash=sha256:269f84ede6543c5d65249dd685db6125a962e5928b7eafd0ed3acdd2b600aa9e \
    --hash=sha256:27b024e903ef985b37183d754a5c61230b56b41fe0971cd44b71b80c787ec594 \
    --hash=sha256:41e2a04663685304222ba03fb5bed8db52480854aa873cbae1478eedf3a8ec1a \
    --hash=sha256:4eb0e17af8344d3063ce0c1a38a156eb7bbe3447f984ad12629a40f5c967fedd \
    --hash=sha256:6af2e0585239627f85f49a8f90761ce4560c671daae1d5e8d2b5f059dc7d22de \
    --hash=sha256:7a0279d3006c961ba1d62fe4383919ebcb7b770fb3357f6ae1309ca89210183b \
    --hash=sha256:93b06166210e478783e3078612144700d44e0492fe7efd6fcd00e4061bc709a6 \
    --hash=sha256:a3580e0c30755c36b48edbbf471aaeb5d07858de0281e58a4a598dfa52a0f05d \
    --hash=sha256:b0a9bb2fa889773c3ff719130064de28edd36fd3e916b46e576243a6f16f033f \
    --hash=sha256:c28388fe95298486169c45c0ec8bdf067aabcb59273b98a4cdae8be5cd9c74f3 \
    --hash=sha256:e58296c6e0c04dec37fc28cbf56ca7150646c948dddab2b0d6f8a0a466e7f1ca \
    --hash=sha256:e5b51faffe02ca78ed4f6b9afbe6dee8d25ab36e9a9365f510e890a16db76013 \
    --hash=sha256:ea5c206308f8eefc0be7cbeeee93b8b192b6af7338741b6d12fe387234bb7920 \
    --hash=sha256:fc9d9f95dc9a542db99ca96cba1c275adeeb497ff2e134c780a9677b8578bd05
    # via -r requirements.in
nanobind==2.12.0 \
    --hash=sha256:0ae77c1a88f27153fa57045ee00f7b0a7b06b1cd3df942e95a34b38c5d0a5bee \
    --hash=sha256:a10d3d88e691dcdf22696f9acd893fda3c5a05635763aea238829d274fcad480
    # via -r requirements.in
ninja==1.11.1.4 \
    --hash=sha256:055f386fb550c2c9d6157e45e20a84d29c47968876b9c5794ae2aec46f952306 \
    --hash=sha256:096487995473320de7f65d622c3f1d16c3ad174797602218ca8c967f51ec38a0 \
    --hash=sha256:2ab67a41c90bea5ec4b795bab084bc0b3b3bb69d3cd21ca0294fc0fc15a111eb \
    --hash=sha256:4617b3c12ff64b611a7d93fd9e378275512bb36eff8babff7c83f5116b4f8d66 \
    --hash=sha256:5713cf50c5be50084a8693308a63ecf9e55c3132a78a41ab1363a28b6caaaee1 \
    --hash=sha256:6aa39f6e894e0452e5b297327db00019383ae55d5d9c57c73b04f13bf79d438a \
    --hash=sha256:9c29bb66d2aa46a2409ab369ea804c730faec7652e8c22c1e428cc09216543e5 \
    --hash=sha256:b33923c8da88e8da20b6053e38deb433f53656441614207e01d283ad02c5e8e7 \
    --hash=sha256:c3b96bd875f3ef1db782470e9e41d7508905a0986571f219d20ffed238befa15 \
    --hash=sha256:cede0af00b58e27b31f2482ba83292a8e9171cdb9acc2c867a3b6e40b3353e43 \
    --hash=sha256:cf4453679d15babc04ba023d68d091bb613091b67101c88f85d2171c6621c6eb \
    --hash=sha256:cf554e73f72c04deb04d0cf51f5fdb1903d9c9ca3d2344249c8ce3bd616ebc02 \
    --hash=sha256:cfdd09776436a1ff3c4a2558d3fc50a689fb9d7f1bdbc3e6f7b8c2991341ddb3 \
    --hash=sha256:d3090d4488fadf6047d0d7a1db0c9643a8d391f0d94729554dbb89b5bdc769d7 \
    --hash=sha256:d4a6f159b08b0ac4aca5ee1572e3e402f969139e71d85d37c0e2872129098749 \
    --hash=sha256:ecce44a00325a93631792974659cf253a815cc6da4ec96f89742925dfc295a0d \
    --hash=sha256:f6186d7607bb090c3be1e10c8a56b690be238f953616626f5032238c66e56867
    # via -r requirements.in
numpy==2.4.6 ; python_full_version < '3.12' \
    --hash=sha256:001fbb8e08d942dd57599e781f2472269ee7f2755fae407b4f67b2f0b17da3f1 \
    --hash=sha256:0280e0356c0829a18d9de1cb7eee50ec22ca639878d7240307ca0943d73cd2c4 \
    --hash=sha256:043191bfa8eab18c776647b62723ac9dddece59743b13f49b2016094129c2b3f \
    --hash=sha256:06ca2f61ec4385a07a6977c55ba998a4466c123642b4a32694d3128fce18c079 \
    --hash=sha256:0a041d3d761dc3c35cc56ce0351506a02bcbc25f7b169f652435141a17db9096 \
    --hash=sha256:0ab0a9c4ffb1a6d95ef519fe4247dba8eb6b18ad93999f76b7f657039acabd47 \
    --hash=sha256:0c9136e14ed34a9e343a31c533d78a9813a69a3148332bce5e9821cb2f996e66 \
    --hash=sha256:110f8b71aacb688ec69062bb7f6938a0f8acb01b7c1c4beb453c65b6d234584d \
    --hash=sha256:112b06a867b235ef466ed3508ddf0238050df9c727cafb5301ac385b899189a1 \
    --hash=sha256:17f9ade344e7d9b464a084d69bcf18fc691cb1db67c62ed80820bf4926d78f0e \
    --hash=sha256:1e254a00cdf42b1e4d5b3d68d33af63268d41340d8885df2ab6470f2e1500147 \
    --hash=sha256:1e978ec1e8bd0e0e4de6bb75de9d30cbb74db6b6a2bb727618613703ca0167dd \
    --hash=sha256:25c692919ac5a01f170a3bfcd62d745b24fd095c353d50812637d6fcab442e75 \
    --hash=sha256:260a5d70215b61ab4fadf5c7baacd64821842975eea312125ed3c39a6391b063 \
    --hash=sha256:2803abfebfc990042cd494d8ce2d5f82e9d847af6d35ec486923aa19dbad5e73 \
    --hash=sha256:29a287e0cf63ff528da061de6b9f64a4618da591ca1046aafc54062e40ca7eab \
    --hash=sha256:29cb7f67d10b479ff07c17d33e39f78c07f71c40ef30d63c153d340e96cd3fb4 \
    --hash=sha256:3213d622a0283a39a93d188f3cf72b26862df52fbb4ca3697f51705016523d41 \
    --hash=sha256:33111801a01c12a8a1e3721f0a9232f8cfc8ae2c6b7098167e6f623c6073f402 \
    --hash=sha256:357cc07a6d7b0b182ff02249616a03742827ebb1277546b5c7cd7f7620a45698 \
    --hash=sha256:38efbc8de75c7a0fc1ac190162d892787f3f47b57cc291231aafee36b80982b7 \
    --hash=sha256:4081eb135ac24158bd51cdfbef16f1c64df7063b1143f24731387137c092bec8 \
    --hash=sha256:40fdc1ae7125e518ea98e53e69a4ebc27e1fd50510c47b7ea130cf21e5e1d42b \
    --hash=sha256:4cfe66903cc32a9921a6733d96b19bb6abf310397581bbad89c228f5abaf0ee8 \
    --hash=sha256:511dbaf848decaaaf4b4ca48032619fb3138710c4bf7da7617765edad1ef96b0 \
    --hash=sha256:55cced7c52e981362f708ad635198e97a752dfba412cc03c23bbf3bd8d5cd662 \
    --hash=sha256:56b39e5e0622a09a25bf5baf62f4bcf0cb8a41ae6e2819cf49bbc5a74c083f91 \
    --hash=sha256:5dbbdb29840ca3d91ee0fece42fc29278886d908280bfec0a5846c6f901a3eb0 \
    --hash=sha256:5f9fb9157b4ce2971008323afe46053787b526ef624fea915b261468a8421a0f \
    --hash=sha256:6180d8b35af935aed8ece3a85e0a43f87393ae0ac87c8d2c8bd2c993f7270ef3 \
    --hash=sha256:68a5124b13fa6cc2086764a20005d30bc0548146f7f5322f02fce212ca14317f \
    --hash=sha256:68bb27509ac1b9a3443094260f6326150663b06abe40b73a2f81160623da5b67 \
    --hash=sha256:6f41ae150c4e32db4f3310cdaf64b1593a03dbabe29eec77fc9b50fe64061df6 \
    --hash=sha256:7265a2f3d436e54ef9f2b52b5c937e6be778781bd97a590319d7348f1c1ca997 \
    --hash=sha256:72fbe16c6fac95aedf5937fa873445cec2110be35d8a4e9433d7501fd98dae6b \
    --hash=sha256:7d92c3819208a60205a12a245c91ad70cb0a85336659b19b834205573ac8456e \
    --hash=sha256:8155154c7c691289fe18f510b5d4657c68c67989f293f0535a91360392ff6538 \
    --hash=sha256:81a1cca95ed5bb92aa8b10dd2cdc9a0d3853a50fad926c28b5d7e8ea54389627 \
    --hash=sha256:89cd468399cfd2504718f0ba50e410dca55a170b61a02ad92bb18c8a65186e93 \
    --hash=sha256:8ad03c0965fb3c692200e74d458ca28c1dbb4ce96f9a479a8aa041ad5fabca02 \
    --hash=sha256:90f9849678c75fe7afa2d348ac842c168b0a4d3d61919687216dfc547976d853 \
    --hash=sha256:948424b06129ce883307e8cff868c31396d8dc7630a59c61d70d98dbe70f222c \
    --hash=sha256:9cd5ffd25db4e7ba6a375693b3fc0fc1791ec636c17db3720da19bde7180ec43 \
    --hash=sha256:a0df0043bdb289bde1f62da130d20df23d58b45429f752bc7a8fc5325a225ecd \
    --hash=sha256:a2c306dea656c12c68f51f4cea133cbe78ca7435eb28c735eac1d3ebe73be6e8 \
    --hash=sha256:a7830bab239b79cda9c08c2da014761cafb48da6150e1da17ac06283f43b6089 \
    --hash=sha256:a7c711e21628b52034bb5ab8d1bce291f752fcc5e92accc615778acee1ff4778 \
    --hash=sha256:aaf159caa35993cb1f56fb9b8e4610d35758e7ca005412eb1daa856a78c9c4b1 \
    --hash=sha256:ae506e6902902557576a26ff33eda8695e7ecb3cb36c3b573a0765dee114ebdb \
    --hash=sha256:b507f5c4c1d508876d1819b6bf9a49d365b96320b5d4993426b33a23ca4b8261 \
    --hash=sha256:bf162abab1c1a736333192707cef898e735a5ca00f38f27eeedf44b39d9e85eb \
    --hash=sha256:c1a2af6c6ef86344a6b0db6b97834208bf598db514f2b155042439b62605601a \
    --hash=sha256:c2d37ab77531417474168eb79d6d80b14f821a966818505d03013d0833edb7a8 \
    --hash=sha256:c4fc99836233ea196540b17ab0983aff60ed07941751930f5f4d05bc3b3b7359 \
    --hash=sha256:d581b735e177fdcdce6fed8e7e8880a3fb6ee4e3653a3ac6af01c6f4c03effc5 \
    --hash=sha256:d6da64deb6b8ed903e7560180a92f2d804ee1ba5eeb849ac2748b8c1aba1f6d7 \
    --hash=sha256:d8e8286dd7cea7895157318d1b91cdacac64c479f3cbc8dce548331728484751 \
    --hash=sha256:ddea102b48f9e339f3948bf22040944184627a30fdf7f858667673b9c5f033c8 \
    --hash=sha256:dfa20cc6ca228e6b155b11da03825975ce66aea520985dbbddf0f2a5a495c605 \
    --hash=sha256:e3e5193ef5a3dc73bceee50f7fdc2c90dbb76c42df8d8fae3d1067a583df579e \
    --hash=sha256:e3eeb0aabd6bd5ce64faae67e9935203a6991b4bc2a485a767fbafb2c5125f45 \
    --hash=sha256:e5805d5a22fd19c8ccff10a9561f9df94436b0545619ea579db2d3c35294bce2 \
    --hash=sha256:e85b752a1e912b70eaad4fafbd4d1238007ab221de2009b9a2f5ae7461239895 \
    --hash=sha256:eaf7fa2de5c0be8ae6ff8e9bea2ccd725e980541244521d8d4b5f3354a27babe \
    --hash=sha256:ebfb099f8dcf083deef3ac1ca4c1503f387cf76296fcb3816b66f5ecb5f54fdb \
    --hash=sha256:ece3d2cfe132e7d51f44a832b303895e6f2d499c5e74dfbdb06ee246147a304a \
    --hash=sha256:ed9749eef4cbd126da3dc1d6bcb3a57f5eb7ac6a6484146bdbf743f552dfc577 \
    --hash=sha256:ede83e07a75dd06bc501566c1eca2afc0d61677c1472ac9ad93fdee6e638a48d \
    --hash=sha256:ef4aea96ce4d3b074422cb4f2f64e216bf9e213004bb58ecfdf50ea02ea8eb9a \
    --hash=sha256:f3a3570c4a2a16746ac2c31a7c7c7b0c186b95ce902e33db6f28094ed7387dda \
    --hash=sha256:f407cb6b8e9d6d8c626bc73c945db1706035af8fd632295547bf1c9e46d092d6 \
    --hash=sha256:f74a575920ab21fe304421a3fc28793d82e299cae9eccb37084e9fc7f3617c20
    # via -r requirements.in
numpy==2.5.2 ; python_full_version >= '3.12' \
    --hash=sha256:0090ccdd57ec2703e9b49d0bf554767370581c1dd0a6b2bb2b2d9def317d042a \
    --hash=sha256:078f9b027b478c9379b9677babbf0f8b8f1ecfada27636d7b9a93990c638739f \
    --hash=sha256:07d4e89f3a9ab0a9ba24264ccdb642b3dd951b2281e8883a5481a4aa79cc31a7 \
    --hash=sha256:0a4035ae1129ff8777f08bfbd44f1e5d8e9c049ce0c2dd78fc0d92c13e7251c0 \
    --hash=sha256:0aadf13b60048d501e05fa699efaf7734e2494f3498a4c2a5521d822640324f3 \
    --hash=sha256:14e373cfc6387177e8409dac3c7159be8eb05cd77096cd7c950268b86f62831c \
    --hash=sha256:1ab3d4a901f844ea836c3e80bf463c6a27d7f3c14e8e292fcf28d348b25b9bce \
    --hash=sha256:24b9dc2e3d84aa58523798805194e23e736f3f6ce2d1a5b92583ae734e6dbda8 \
    --hash=sha256:27650bb0e7140fa3d37b9923b4803645e0b125d190f326eecfd3f4dad8e8ade1 \
    --hash=sha256:28ac63476ec7651484215ee7fa15a1f78b57c14621f01e392afe17b9a1390ce4 \
    --hash=sha256:29b86ff8a6cc556b47ec6b64b194815cc80e6bf5eedcc6cddfd65318cb0b4eee \
    --hash=sha256:29d81e97f668489cba8ebfd796b9bdd453525d35dd9e162e2daec94bf3fc7740 \
    --hash=sha256:2cc779226e476d1e1f08c74068c419e60f41a9e0e069c92f6671d31d5c985e98 \
    --hash=sha256:2ffa7bacab3e2ee1b19ed31766bb60bb380b68c23f051e199c5cc598afd68710 \
    --hash=sha256:318b9a4c845dbea06708a29c84ee429cc3065048db34cdb799047643492050ee \
    --hash=sha256:34c319e2963be042673fb46570501b2f06c41924e17e3563d58646b4380dfb68 \
    --hash=sha256:3a2f061cebd9e3d23bdcfaaded5e2293a4c6a5b60fa42df85d410a725ce621bf \
    --hash=sha256:3cdec01fa790a186d430433fdd4d4ffb70eed6f0eeb4bf05c8dbe2dce0a9bcb8 \
    --hash=sha256:3e4c367352d3747784248a227fbec218e193b56f7e6692e3b64fc805478ecfdf \
    --hash=sha256:40f4d451aed46a8046a1aae41c4e55fb3612273df9c502480135e1501576a34b \
    --hash=sha256:44ef9675d908e65f9953063837c3277730f3f4437615a4cdab67b366cabaf884 \
    --hash=sha256:4bbd96c833ecc8cc069ce518078fc8c60cb9cbfb0fea5b7a803ad65035596d03 \
    --hash=sha256:4ec954036759bcee3aa484f8603bd9c14f3e776293b85578b8734c2d72777c69 \
    --hash=sha256:4f9744f9fbdcea0bc552e8f19e1f141f811a3f9bc2be2cc6e86d982cab23e3f4 \
    --hash=sha256:50a68f4bacd8a2b33d8da3d2269d0d78500f86ea582e4786dc10f5ef2c2c6842 \
    --hash=sha256:50e500dc868e9313530ce12ba470fe50ff3afe3d62993ed6eff652dacd555b65 \
    --hash=sha256:52c808f96484f5571a5cc863775ce50247c17dfb3b0361f8ed6b4b0456f80080 \
    --hash=sha256:5f8e00be2ec6f45f4e8a41a527f68d44a7d96fee92a650e4d8b1326f77f61e6e \
    --hash=sha256:60e902ac295855348a5ca2ea4c89108989a9f5fddfad3dfc0a8f36b10358567e \
    --hash=sha256:65f188481f1669e26f62b701e8205d19e460fa4a9b52a1414ba382330e4a3414 \
    --hash=sha256:6950c4b7dd562453090548ba7f5da7e59f57f85663f15d5dcc60e249192f7e59 \
    --hash=sha256:6a9bb119fb8dd21ba30b3f0e555b7e2b081bd9883af21ec9c1c633d161cda3a8 \
    --hash=sha256:6b588cc8f902d6bff201c19fd00c43ab8545671e3554d014e12e14139e5e8617 \
    --hash=sha256:6df895598c0edcb41030126c89e0f353b07d93238116143b7405e937359736c4 \
    --hash=sha256:6e8172ddfcf5cf74b811d372b570b83c60bd2de87a6fbfbebdadb4a9bd9c6cbb \
    --hash=sha256:7354826bc6f8f69402e9b7fe28d15fcd34feebd74f856f111585c5b0c9fb0251 \
    --hash=sha256:7587f53dfbd5edc0f7b87c6217b4c6d2d1f2ef9c3da70bc1315e7db5f8d7ec9d \
    --hash=sha256:77843ca236b777e67f8d6b3660ea116e499612703a0ecd7093f316201eb9d8e2 \
    --hash=sha256:7999d4ddb0c4025018373fd787510d46e04c769467af22869707b3c1cfd459ab \
    --hash=sha256:85aaccb24182c25df891ad0ec333585967e115269d5f1b17f2c9ae005bc96657 \
    --hash=sha256:8e4cb9a754c8a0c62eaa88273a5fba3391f4a610d1dee893c0755da31c083f15 \
    --hash=sha256:8ee9c4eeb8454b3660a8b53493563c3e121c2fc94fbd72b848ef814ed7b676a9 \
    --hash=sha256:9a0731745a72a184490a582fb4af2533512bd071ace67785b5fdffc0ae58dce8 \
    --hash=sha256:9e9413326d726c2545bfa65d2c0876871e8d8386e77f992c1d426e180bbd4323 \
    --hash=sha256:a610dc7e3c52edd39c2bc2375ff9c3fd59cb3ad00e4472d36f83bc1457145788 \
    --hash=sha256:a839318485284a6fb31be4f8f2c91c8f2cb22f4543c4a8903f12b0671ffe07cc \
    --hash=sha256:afb3f0632d6b2e3ba04dbce8d1e48d321b369138b73830b5ca371a0e8d479d56 \
    --hash=sha256:b879fb674276e331513fb136b78dbc6bd3c848309e0d841cfd63be3896c4cfc1 \
    --hash=sha256:b9727f472d2f3888053b8a75ab0cb94745a9de224bb5846dbadc0092101bc71d \
    --hash=sha256:ba0a474801b8dc67b66bf465548abc90e82b44d2611b5770f33008dcabffe8ec \
    --hash=sha256:bd68ece1553d2023c09a4226d9e41c586ad2d20594d1a456186c33513d2cb3f2 \
    --hash=sha256:c081cbe16ba1ab53078e5ff29013621e33c509eedab055775d956427712c236e \
    --hash=sha256:c1f017dc0875c9209d219f97feceb7d54c2661bb243deb4114478e1295808af7 \
    --hash=sha256:cebc2d6dbb605a7703d59751dea4bd6b0ab127a5a4338a6f432df1936fef8b26 \
    --hash=sha256:cf7de32f486e4ac9e2d93b810f9e9ac72a728dd46a32a0bb403222f27f653514 \
    --hash=sha256:d482d171c406ae88c5b19cad3b6a1c4c5209f886ab74bc44c2c865c23f52d860 \
    --hash=sha256:d6a48072864e3324e194a8fbb3c657bcc5b5c869dbc64c9537b1d5c862572c0a \
    --hash=sha256:d787cf769c3baeb5f6235e778edb52c08dfa923789b5958f28e6450f96107cb1 \
    --hash=sha256:dc649493697006bc90614a5f0bbc8cb3cb1866715c474e473694968d7e6b99ab \
    --hash=sha256:ddf47472af2e4280d79bac82304f5e80150211f1b9e614b760061d5fdfbb6eba \
    --hash=sha256:e5651f3f87add730ee6608d915009e19c911fba0cb000c7e3ea994b7d768eb12 \
    --hash=sha256:e79aba74ffaf5f78a050d777c184cddf8fdffabab38acf5f3ef1fecbc17895d6 \
    --hash=sha256:eaa088384c46f519dacb93b7ec483a6d6b19a4a2085ae4f25ab9b1c43d387d1e \
    --hash=sha256:eaca7ff36f0f52e2111ec71f169d8fd3e889e7ddc0d2592e0d703fd8d3ce8fac \
    --hash=sha256:f06571a052127dc1b4e8b83029b4d1b20daa2b64a31cdd181fc6bc774e9000eb \
    --hash=sha256:fd0d703772bba096843785bd38371e31bb4a0c1151497ad5739d182114a73f7f
    # via -r requirements.in
packaging==26.2 \
    --hash=sha256:5fc45236b9446107ff2415ce77c807cee2862cb6fac22b8a73826d0693b0980e \
    --hash=sha256:ff452ff5a3e828ce110190feff1178bb1f2ea2281fa2075aadb987c2fb221661
    # via wheel
pybind11==3.1.0 \
    --hash=sha256:a1cc06b524ab3edca51f8ad3895f9c4fa20b8b19283173dff4ae781449dc9639 \
    --hash=sha256:b8488090f8acffbcb6b5d6a85571a6827a0a2981ffb75e5a0b27b87c4a6b7dd0
    # via -r requirements.in
pybind11-global==3.1.0 \
    --hash=sha256:ae4ce119e9f0d7a2ef2372a6bd70d7906073a67a7d7c759023601a629c4bbd36 \
    --hash=sha256:ba63ced81e1ae5c7b4f704d6adedec6ce1d80fbf9a2ab557a2ca380f29eb3320
    # via pybind11
setuptools==84.0.0 \
    --hash=sha256:51a52592b3b99e102b609654876bd65f19f999935166d1352678931132b0c670 \
    --hash=sha256:f4695c21257f0d9b537ec2692c941d02ee143b7cc1276941349a546573b2ef73
    # via -r requirements.in
wheel==0.47.0 \
    --hash=sha256:212281cab4dff978f6cedd499cd893e1f620791ca6ff7107cf270781e587eced \
    --hash=sha256:cc72bd1009ba0cf63922e28f94d9d83b920aa2bb28f798a31d0691b02fa3c9b3
    # via -r requirements.in
